
Microsoft Visual Studio Solution File, Format Version 12.00
# Visual Studio Version 17
VisualStudioVersion = 17.6.33829.357
MinimumVisualStudioVersion = 10.0.40219.1
Project("{FAE04EC0-301F-11D3-BF4B-00C04F79EFBC}") = "ASP.NET(BOOKMANAGER)", "ASP.NET(BOOKMANAGER)\ASP.NET(BOOKMANAGER).csproj", "{5118B55F-82EF-456C-9562-32130AA81643}"
EndProject
Global
	GlobalSection(SolutionConfigurationPlatforms) = preSolution
		Debug|Any CPU = Debug|Any CPU
		Release|Any CPU = Release|Any CPU
	EndGlobalSection
	GlobalSection(ProjectConfigurationPlatforms) = postSolution
		{5118B55F-82EF-456C-9562-32130AA81643}.Debug|Any CPU.ActiveCfg = Debug|Any CPU
		{5118B55F-82EF-456C-9562-32130AA81643}.Debug|Any CPU.Build.0 = Debug|Any CPU
		{5118B55F-82EF-456C-9562-32130AA81643}.Release|Any CPU.ActiveCfg = Release|Any CPU
		{5118B55F-82EF-456C-9562-32130AA81643}.Release|Any CPU.Build.0 = Release|Any CPU
	EndGlobalSection
	GlobalSection(SolutionProperties) = preSolution
		HideSolutionNode = FALSE
	EndGlobalSection
	GlobalSection(ExtensibilityGlobals) = postSolution
		SolutionGuid = {910426FB-FD28-4DC2-9312-74C5569362B1}
	EndGlobalSection
EndGlobal
